// !$*UTF8*$!
{
	archiveVersion = 1;
	classes = {
	};
	objectVersion = 50;
	objects = {

/* Begin PBXBuildFile section */
		22B2CC2A514C193AE591C73C /* Pods_AloeStackView.framework in Frameworks */ = {isa = PBXBuildFile; fileRef = 753C02C2CB97744FD34B6DFC /* Pods_AloeStackView.framework */; };
		6AFCF5E221A6CE4D0085F19C /* AppDelegate.swift in Sources */ = {isa = PBXBuildFile; fileRef = 6AFCF5E121A6CE4D0085F19C /* AppDelegate.swift */; };
		6AFCF5E421A6CE4D0085F19C /* ViewController.swift in Sources */ = {isa = PBXBuildFile; fileRef = 6AFCF5E321A6CE4D0085F19C /* ViewController.swift */; };
		6AFCF5E721A6CE4D0085F19C /* Main.storyboard in Resources */ = {isa = PBXBuildFile; fileRef = 6AFCF5E521A6CE4D0085F19C /* Main.storyboard */; };
		6AFCF5E921A6CE4E0085F19C /* Assets.xcassets in Resources */ = {isa = PBXBuildFile; fileRef = 6AFCF5E821A6CE4E0085F19C /* Assets.xcassets */; };
		6AFCF5EC21A6CE4E0085F19C /* LaunchScreen.storyboard in Resources */ = {isa = PBXBuildFile; fileRef = 6AFCF5EA21A6CE4E0085F19C /* LaunchScreen.storyboard */; };
/* End PBXBuildFile section */

/* Begin PBXFileReference section */
		6AFCF5DE21A6CE4D0085F19C /* AloeStackView.app */ = {isa = PBXFileReference; explicitFileType = wrapper.application; includeInIndex = 0; path = AloeStackView.app; sourceTree = BUILT_PRODUCTS_DIR; };
		6AFCF5E121A6CE4D0085F19C /* AppDelegate.swift */ = {isa = PBXFileReference; lastKnownFileType = sourcecode.swift; path = AppDelegate.swift; sourceTree = "<group>"; };
		6AFCF5E321A6CE4D0085F19C /* ViewController.swift */ = {isa = PBXFileReference; lastKnownFileType = sourcecode.swift; path = ViewController.swift; sourceTree = "<group>"; };
		6AFCF5E621A6CE4D0085F19C /* Base */ = {isa = PBXFileReference; lastKnownFileType = file.storyboard; name = Base; path = Base.lproj/Main.storyboard; sourceTree = "<group>"; };
		6AFCF5E821A6CE4E0085F19C /* Assets.xcassets */ = {isa = PBXFileReference; lastKnownFileType = folder.assetcatalog; path = Assets.xcassets; sourceTree = "<group>"; };
		6AFCF5EB21A6CE4E0085F19C /* Base */ = {isa = PBXFileReference; lastKnownFileType = file.storyboard; name = Base; path = Base.lproj/LaunchScreen.storyboard; sourceTree = "<group>"; };
		6AFCF5ED21A6CE4E0085F19C /* Info.plist */ = {isa = PBXFileReference; lastKnownFileType = text.plist.xml; path = Info.plist; sourceTree = "<group>"; };
		753C02C2CB97744FD34B6DFC /* Pods_AloeStackView.framework */ = {isa = PBXFileReference; explicitFileType = wrapper.framework; includeInIndex = 0; path = Pods_AloeStackView.framework; sourceTree = BUILT_PRODUCTS_DIR; };
		98BDCD572A7842B220C7A460 /* Pods-AloeStackView.release.xcconfig */ = {isa = PBXFileReference; includeInIndex = 1; lastKnownFileType = text.xcconfig; name = "Pods-AloeStackView.release.xcconfig"; path = "Pods/Target Support Files/Pods-AloeStackView/Pods-AloeStackView.release.xcconfig"; sourceTree = "<group>"; };
		DC85761F2E5ED220F3827467 /* Pods-AloeStackView.debug.xcconfig */ = {isa = PBXFileReference; includeInIndex = 1; lastKnownFileType = text.xcconfig; name = "Pods-AloeStackView.debug.xcconfig"; path = "Pods/Target Support Files/Pods-AloeStackView/Pods-AloeStackView.debug.xcconfig"; sourceTree = "<group>"; };
/* End PBXFileReference section */

/* Begin PBXFrameworksBuildPhase section */
		6AFCF5DB21A6CE4D0085F19C /* Frameworks */ = {
			isa = PBXFrameworksBuildPhase;
			buildActionMask = 2147483647;
			files = (
				22B2CC2A514C193AE591C73C /* Pods_AloeStackView.framework in Frameworks */,
			);
			runOnlyForDeploymentPostprocessing = 0;
		};
/* End PBXFrameworksBuildPhase section */

/* Begin PBXGroup section */
		6AFCF5D521A6CE4D0085F19C = {
			isa = PBXGroup;
			children = (
				6AFCF5E021A6CE4D0085F19C /* AloeStackView */,
				6AFCF5DF21A6CE4D0085F19C /* Products */,
				B0ED9535A5AA07C213E087F2 /* Pods */,
				D86CAA58F4AB48438706E9FA /* Frameworks */,
			);
			sourceTree = "<group>";
		};
		6AFCF5DF21A6CE4D0085F19C /* Products */ = {
			isa = PBXGroup;
			children = (
				6AFCF5DE21A6CE4D0085F19C /* AloeStackView.app */,
			);
			name = Products;
			sourceTree = "<group>";
		};
		6AFCF5E021A6CE4D0085F19C /* AloeStackView */ = {
			isa = PBXGroup;
			children = (
				6AFCF5E121A6CE4D0085F19C /* AppDelegate.swift */,
				6AFCF5E321A6CE4D0085F19C /* ViewController.swift */,
				6AFCF5E521A6CE4D0085F19C /* Main.storyboard */,
				6AFCF5E821A6CE4E0085F19C /* Assets.xcassets */,
				6AFCF5EA21A6CE4E0085F19C /* LaunchScreen.storyboard */,
				6AFCF5ED21A6CE4E0085F19C /* Info.plist */,
			);
			path = AloeStackView;
			sourceTree = "<group>";
		};
		B0ED9535A5AA07C213E087F2 /* Pods */ = {
			isa = PBXGroup;
			children = (
				DC85761F2E5ED220F3827467 /* Pods-AloeStackView.debug.xcconfig */,
				98BDCD572A7842B220C7A460 /* Pods-AloeStackView.release.xcconfig */,
			);
			name = Pods;
			sourceTree = "<group>";
		};
		D86CAA58F4AB48438706E9FA /* Frameworks */ = {
			isa = PBXGroup;
			children = (
				753C02C2CB97744FD34B6DFC /* Pods_AloeStackView.framework */,
			);
			name = Frameworks;
			sourceTree = "<group>";
		};
/* End PBXGroup section */

/* Begin PBXNativeTarget section */
		6AFCF5DD21A6CE4D0085F19C /* AloeStackView */ = {
			isa = PBXNativeTarget;
			buildConfigurationList = 6AFCF5F021A6CE4E0085F19C /* Build configuration list for PBXNativeTarget "AloeStackView" */;
			buildPhases = (
				FD8D003B507A35CF69C7A7BA /* [CP] Check Pods Manifest.lock */,
				6AFCF5DA21A6CE4D0085F19C /* Sources */,
				6AFCF5DB21A6CE4D0085F19C /* Frameworks */,
				6AFCF5DC21A6CE4D0085F19C /* Resources */,
				86256E6ADDE71CDBDFAD7F3D /* [CP] Embed Pods Frameworks */,
			);
			buildRules = (
			);
			dependencies = (
			);
			name = AloeStackView;
			productName = AloeStackView;
			productReference = 6AFCF5DE21A6CE4D0085F19C /* AloeStackView.app */;
			productType = "com.apple.product-type.application";
		};
/* End PBXNativeTarget section */

/* Begin PBXProject section */
		6AFCF5D621A6CE4D0085F19C /* Project object */ = {
			isa = PBXProject;
			attributes = {
				LastSwiftUpdateCheck = 1010;
				LastUpgradeCheck = 1010;
				ORGANIZATIONNAME = "Isaac Kim";
				TargetAttributes = {
					6AFCF5DD21A6CE4D0085F19C = {
						CreatedOnToolsVersion = 10.1;
					};
				};
			};
			buildConfigurationList = 6AFCF5D921A6CE4D0085F19C /* Build configuration list for PBXProject "AloeStackView" */;
			compatibilityVersion = "Xcode 9.3";
			developmentRegion = en;
			hasScannedForEncodings = 0;
			knownRegions = (
				en,
				Base,
			);
			mainGroup = 6AFCF5D521A6CE4D0085F19C;
			productRefGroup = 6AFCF5DF21A6CE4D0085F19C /* Products */;
			projectDirPath = "";
			projectRoot = "";
			targets = (
				6AFCF5DD21A6CE4D0085F19C /* AloeStackView */,
			);
		};
/* End PBXProject section */

/* Begin PBXResourcesBuildPhase section */
		6AFCF5DC21A6CE4D0085F19C /* Resources */ = {
			isa = PBXResourcesBuildPhase;
			buildActionMask = 2147483647;
			files = (
				6AFCF5EC21A6CE4E0085F19C /* LaunchScreen.storyboard in Resources */,
				6AFCF5E921A6CE4E0085F19C /* Assets.xcassets in Resources */,
				6AFCF5E721A6CE4D0085F19C /* Main.storyboard in Resources */,
			);
			runOnlyForDeploymentPostprocessing = 0;
		};
/* End PBXResourcesBuildPhase section */

/* Begin PBXShellScriptBuildPhase section */
		86256E6ADDE71CDBDFAD7F3D /* [CP] Embed Pods Frameworks */ = {
			isa = PBXShellScriptBuildPhase;
			buildActionMask = 2147483647;
			files = (
			);
			inputFileListPaths = (
			);
			inputPaths = (
				"${SRCROOT}/Pods/Target Support Files/Pods-AloeStackView/Pods-AloeStackView-frameworks.sh",
				"${BUILT_PRODUCTS_DIR}/AloeStackView/AloeStackView.framework",
			);
			name = "[CP] Embed Pods Frameworks";
			outputFileListPaths = (
			);
			outputPaths = (
				"${TARGET_BUILD_DIR}/${FRAMEWORKS_FOLDER_PATH}/AloeStackView.framework",
			);
			runOnlyForDeploymentPostprocessing = 0;
			shellPath = /bin/sh;
			shellScript = "\"${SRCROOT}/Pods/Target Support Files/Pods-AloeStackView/Pods-AloeStackView-frameworks.sh\"\n";
			showEnvVarsInLog = 0;
		};
		FD8D003B507A35CF69C7A7BA /* [CP] Check Pods Manifest.lock */ = {
			isa = PBXShellScriptBuildPhase;
			buildActionMask = 2147483647;
			files = (
			);
			inputFileListPaths = (
			);
			inputPaths = (
				"${PODS_PODFILE_DIR_PATH}/Podfile.lock",
				"${PODS_ROOT}/Manifest.lock",
			);
			name = "[CP] Check Pods Manifest.lock";
			outputFileListPaths = (
			);
			outputPaths = (
				"$(DERIVED_FILE_DIR)/Pods-AloeStackView-checkManifestLockResult.txt",
			);
			runOnlyForDeploymentPostprocessing = 0;
			shellPath = /bin/sh;
			shellScript = "diff \"${PODS_PODFILE_DIR_PATH}/Podfile.lock\" \"${PODS_ROOT}/Manifest.lock\" > /dev/null\nif [ $? != 0 ] ; then\n    # print error to STDERR\n    echo \"error: The sandbox is not in sync with the Podfile.lock. Run 'pod install' or update your CocoaPods installation.\" >&2\n    exit 1\nfi\n# This output is used by Xcode 'outputs' to avoid re-running this script phase.\necho \"SUCCESS\" > \"${SCRIPT_OUTPUT_FILE_0}\"\n";
			showEnvVarsInLog = 0;
		};
/* End PBXShellScriptBuildPhase section */

/* Begin PBXSourcesBuildPhase section */
		6AFCF5DA21A6CE4D0085F19C /* Sources */ = {
			isa = PBXSourcesBuildPhase;
			buildActionMask = 2147483647;
			files = (
				6AFCF5E421A6CE4D0085F19C /* ViewController.swift in Sources */,
				6AFCF5E221A6CE4D0085F19C /* AppDelegate.swift in Sources */,
			);
			runOnlyForDeploymentPostprocessing = 0;
		};
/* End PBXSourcesBuildPhase section */

/* Begin PBXVariantGroup section */
		6AFCF5E521A6CE4D0085F19C /* Main.storyboard */ = {
			isa = PBXVariantGroup;
			children = (
				6AFCF5E621A6CE4D0085F19C /* Base */,
			);
			name = Main.storyboard;
			sourceTree = "<group>";
		};
		6AFCF5EA21A6CE4E0085F19C /* LaunchScreen.storyboard */ = {
			isa = PBXVariantGroup;
			children = (
				6AFCF5EB21A6CE4E0085F19C /* Base */,
			);
			name = LaunchScreen.storyboard;
			sourceTree = "<group>";
		};
/* End PBXVariantGroup section */

/* Begin XCBuildConfiguration section */
		6AFCF5EE21A6CE4E0085F19C /* Debug */ = {
			isa = XCBuildConfiguration;
			buildSettings = {
				ALWAYS_SEARCH_USER_PATHS = NO;
				CLANG_ANALYZER_NONNULL = YES;
				CLANG_ANALYZER_NUMBER_OBJECT_CONVERSION = YES_AGGRESSIVE;
				CLANG_CXX_LANGUAGE_STANDARD = "gnu++14";
				CLANG_CXX_LIBRARY = "libc++";
				CLANG_ENABLE_MODULES = YES;
				CLANG_ENABLE_OBJC_ARC = YES;
				CLANG_ENABLE_OBJC_WEAK = YES;
				CLANG_WARN_BLOCK_CAPTURE_AUTORELEASING = YES;
				CLANG_WARN_BOOL_CONVERSION = YES;
				CLANG_WARN_COMMA = YES;
				CLANG_WARN_CONSTANT_CONVERSION = YES;
				CLANG_WARN_DEPRECATED_OBJC_IMPLEMENTATIONS = YES;
				CLANG_WARN_DIRECT_OBJC_ISA_USAGE = YES_ERROR;
				CLANG_WARN_DOCUMENTATION_COMMENTS = YES;
				CLANG_WARN_EMPTY_BODY = YES;
				CLANG_WARN_ENUM_CONVERSION = YES;
				CLANG_WARN_INFINITE_RECURSION = YES;
				CLANG_WARN_INT_CONVERSION = YES;
				CLANG_WARN_NON_LITERAL_NULL_CONVERSION = YES;
				CLANG_WARN_OBJC_IMPLICIT_RETAIN_SELF = YES;
				CLANG_WARN_OBJC_LITERAL_CONVERSION = YES;
				CLANG_WARN_OBJC_ROOT_CLASS = YES_ERROR;
				CLANG_WARN_RANGE_LOOP_ANALYSIS = YES;
				CLANG_WARN_STRICT_PROTOTYPES = YES;
				CLANG_WARN_SUSPICIOUS_MOVE = YES;
				CLANG_WARN_UNGUARDED_AVAILABILITY = YES_AGGRESSIVE;
				CLANG_WARN_UNREACHABLE_CODE = YES;
				CLANG_WARN__DUPLICATE_METHOD_MATCH = YES;
				CODE_SIGN_IDENTITY = "iPhone Developer";
				COPY_PHASE_STRIP = NO;
				DEBUG_INFORMATION_FORMAT = dwarf;
				ENABLE_STRICT_OBJC_MSGSEND = YES;
				ENABLE_TESTABILITY = YES;
				GCC_C_LANGUAGE_STANDARD = gnu11;
				GCC_DYNAMIC_NO_PIC = NO;
				GCC_NO_COMMON_BLOCKS = YES;
				GCC_OPTIMIZATION_LEVEL = 0;
				GCC_PREPROCESSOR_DEFINITIONS = (
					"DEBUG=1",
					"$(inherited)",
				);
				GCC_WARN_64_TO_32_BIT_CONVERSION = YES;
				GCC_WARN_ABOUT_RETURN_TYPE = YES_ERROR;
				GCC_WARN_UNDECLARED_SELECTOR = YES;
				GCC_WARN_UNINITIALIZED_AUTOS = YES_AGGRESSIVE;
				GCC_WARN_UNUSED_FUNCTION = YES;
				GCC_WARN_UNUSED_VARIABLE = YES;
				IPHONEOS_DEPLOYMENT_TARGET = 12.1;
				MTL_ENABLE_DEBUG_INFO = INCLUDE_SOURCE;
				MTL_FAST_MATH = YES;
				ONLY_ACTIVE_ARCH = YES;
				SDKROOT = iphoneos;
				SWIFT_ACTIVE_COMPILATION_CONDITIONS = DEBUG;
				SWIFT_OPTIMIZATION_LEVEL = "-Onone";
			};
			name = Debug;
		};
		6AFCF5EF21A6CE4E0085F19C /* Release */ = {
			isa = XCBuildConfiguration;
			buildSettings = {
				ALWAYS_SEARCH_USER_PATHS = NO;
				CLANG_ANALYZER_NONNULL = YES;
				CLANG_ANALYZER_NUMBER_OBJECT_CONVERSION = YES_AGGRESSIVE;
				CLANG_CXX_LANGUAGE_STANDARD = "gnu++14";
				CLANG_CXX_LIBRARY = "libc++";
				CLANG_ENABLE_MODULES = YES;
				CLANG_ENABLE_OBJC_ARC = YES;
				CLANG_ENABLE_OBJC_WEAK = YES;
				CLANG_WARN_BLOCK_CAPTURE_AUTORELEASING = YES;
				CLANG_WARN_BOOL_CONVERSION = YES;
				CLANG_WARN_COMMA = YES;
				CLANG_WARN_CONSTANT_CONVERSION = YES;
				CLANG_WARN_DEPRECATED_OBJC_IMPLEMENTATIONS = YES;
				CLANG_WARN_DIRECT_OBJC_ISA_USAGE = YES_ERROR;
				CLANG_WARN_DOCUMENTATION_COMMENTS = YES;
				CLANG_WARN_EMPTY_BODY = YES;
				CLANG_WARN_ENUM_CONVERSION = YES;
				CLANG_WARN_INFINITE_RECURSION = YES;
				CLANG_WARN_INT_CONVERSION = YES;
				CLANG_WARN_NON_LITERAL_NULL_CONVERSION = YES;
				CLANG_WARN_OBJC_IMPLICIT_RETAIN_SELF = YES;
				CLANG_WARN_OBJC_LITERAL_CONVERSION = YES;
				CLANG_WARN_OBJC_ROOT_CLASS = YES_ERROR;
				CLANG_WARN_RANGE_LOOP_ANALYSIS = YES;
				CLANG_WARN_STRICT_PROTOTYPES = YES;
				CLANG_WARN_SUSPICIOUS_MOVE = YES;
				CLANG_WARN_UNGUARDED_AVAILABILITY = YES_AGGRESSIVE;
				CLANG_WARN_UNREACHABLE_CODE = YES;
				CLANG_WARN__DUPLICATE_METHOD_MATCH = YES;
				CODE_SIGN_IDENTITY = "iPhone Developer";
				COPY_PHASE_STRIP = NO;
				DEBUG_INFORMATION_FORMAT = "dwarf-with-dsym";
				ENABLE_NS_ASSERTIONS = NO;
				ENABLE_STRICT_OBJC_MSGSEND = YES;
				GCC_C_LANGUAGE_STANDARD = gnu11;
				GCC_NO_COMMON_BLOCKS = YES;
				GCC_WARN_64_TO_32_BIT_CONVERSION = YES;
				GCC_WARN_ABOUT_RETURN_TYPE = YES_ERROR;
				GCC_WARN_UNDECLARED_SELECTOR = YES;
				GCC_WARN_UNINITIALIZED_AUTOS = YES_AGGRESSIVE;
				GCC_WARN_UNUSED_FUNCTION = YES;
				GCC_WARN_UNUSED_VARIABLE = YES;
				IPHONEOS_DEPLOYMENT_TARGET = 12.1;
				MTL_ENABLE_DEBUG_INFO = NO;
				MTL_FAST_MATH = YES;
				SDKROOT = iphoneos;
				SWIFT_COMPILATION_MODE = wholemodule;
				SWIFT_OPTIMIZATION_LEVEL = "-O";
				VALIDATE_PRODUCT = YES;
			};
			name = Release;
		};
		6AFCF5F121A6CE4E0085F19C /* Debug */ = {
			isa = XCBuildConfiguration;
			baseConfigurationReference = DC85761F2E5ED220F3827467 /* Pods-AloeStackView.debug.xcconfig */;
			buildSettings = {
				ASSETCATALOG_COMPILER_APPICON_NAME = AppIcon;
				CODE_SIGN_STYLE = Automatic;
				DEVELOPMENT_TEAM = G4MM77V7NH;
				INFOPLIST_FILE = AloeStackView/Info.plist;
				LD_RUNPATH_SEARCH_PATHS = (
					"$(inherited)",
					"@executable_path/Frameworks",
				);
				PRODUCT_BUNDLE_IDENTIFIER = FastCampus.AloeStackView;
				PRODUCT_NAME = "$(TARGET_NAME)";
				SWIFT_VERSION = 4.2;
				TARGETED_DEVICE_FAMILY = "1,2";
			};
			name = Debug;
		};
		6AFCF5F221A6CE4E0085F19C /* Release */ = {
			isa = XCBuildConfiguration;
			baseConfigurationReference = 98BDCD572A7842B220C7A460 /* Pods-AloeStackView.release.xcconfig */;
			buildSettings = {
				ASSETCATALOG_COMPILER_APPICON_NAME = AppIcon;
				CODE_SIGN_STYLE = Automatic;
				DEVELOPMENT_TEAM = G4MM77V7NH;
				INFOPLIST_FILE = AloeStackView/Info.plist;
				LD_RUNPATH_SEARCH_PATHS = (
					"$(inherited)",
					"@executable_path/Frameworks",
				);
				PRODUCT_BUNDLE_IDENTIFIER = FastCampus.AloeStackView;
				PRODUCT_NAME = "$(TARGET_NAME)";
				SWIFT_VERSION = 4.2;
				TARGETED_DEVICE_FAMILY = "1,2";
			};
			name = Release;
		};
/* End XCBuildConfiguration section */

/* Begin XCConfigurationList section */
		6AFCF5D921A6CE4D0085F19C /* Build configuration list for PBXProject "AloeStackView" */ = {
			isa = XCConfigurationList;
			buildConfigurations = (
				6AFCF5EE21A6CE4E0085F19C /* Debug */,
				6AFCF5EF21A6CE4E0085F19C /* Release */,
			);
			defaultConfigurationIsVisible = 0;
			defaultConfigurationName = Release;
		};
		6AFCF5F021A6CE4E0085F19C /* Build configuration list for PBXNativeTarget "AloeStackView" */ = {
			isa = XCConfigurationList;
			buildConfigurations = (
				6AFCF5F121A6CE4E0085F19C /* Debug */,
				6AFCF5F221A6CE4E0085F19C /* Release */,
			);
			defaultConfigurationIsVisible = 0;
			defaultConfigurationName = Release;
		};
/* End XCConfigurationList section */
	};
	rootObject = 6AFCF5D621A6CE4D0085F19C /* Project object */;
}
