// !$*UTF8*$!
{
	archiveVersion = 1;
	classes = {
	};
	objectVersion = 50;
	objects = {

/* Begin PBXBuildFile section */
		6A6DB92A21AA774D008D8FF4 /* AppDelegate.swift in Sources */ = {isa = PBXBuildFile; fileRef = 6A6DB92921AA774D008D8FF4 /* AppDelegate.swift */; };
		6A6DB92C21AA774D008D8FF4 /* LoginViewController.swift in Sources */ = {isa = PBXBuildFile; fileRef = 6A6DB92B21AA774D008D8FF4 /* LoginViewController.swift */; };
		6A6DB92F21AA774D008D8FF4 /* Main.storyboard in Resources */ = {isa = PBXBuildFile; fileRef = 6A6DB92D21AA774D008D8FF4 /* Main.storyboard */; };
		6A6DB93121AA7750008D8FF4 /* Assets.xcassets in Resources */ = {isa = PBXBuildFile; fileRef = 6A6DB93021AA7750008D8FF4 /* Assets.xcassets */; };
		6A6DB93421AA7750008D8FF4 /* LaunchScreen.storyboard in Resources */ = {isa = PBXBuildFile; fileRef = 6A6DB93221AA7750008D8FF4 /* LaunchScreen.storyboard */; };
		6A6DB93D21AA78CA008D8FF4 /* KakaoOpenSDK.framework in Frameworks */ = {isa = PBXBuildFile; fileRef = 6A6DB93C21AA78CA008D8FF4 /* KakaoOpenSDK.framework */; };
		6A6DB94321AA806C008D8FF4 /* MainViewController.swift in Sources */ = {isa = PBXBuildFile; fileRef = 6A6DB94221AA806C008D8FF4 /* MainViewController.swift */; };
/* End PBXBuildFile section */

/* Begin PBXFileReference section */
		6A6DB92621AA774D008D8FF4 /* KakaoTalk_LogIn.app */ = {isa = PBXFileReference; explicitFileType = wrapper.application; includeInIndex = 0; path = KakaoTalk_LogIn.app; sourceTree = BUILT_PRODUCTS_DIR; };
		6A6DB92921AA774D008D8FF4 /* AppDelegate.swift */ = {isa = PBXFileReference; lastKnownFileType = sourcecode.swift; path = AppDelegate.swift; sourceTree = "<group>"; };
		6A6DB92B21AA774D008D8FF4 /* LoginViewController.swift */ = {isa = PBXFileReference; lastKnownFileType = sourcecode.swift; path = LoginViewController.swift; sourceTree = "<group>"; };
		6A6DB92E21AA774D008D8FF4 /* Base */ = {isa = PBXFileReference; lastKnownFileType = file.storyboard; name = Base; path = Base.lproj/Main.storyboard; sourceTree = "<group>"; };
		6A6DB93021AA7750008D8FF4 /* Assets.xcassets */ = {isa = PBXFileReference; lastKnownFileType = folder.assetcatalog; path = Assets.xcassets; sourceTree = "<group>"; };
		6A6DB93321AA7750008D8FF4 /* Base */ = {isa = PBXFileReference; lastKnownFileType = file.storyboard; name = Base; path = Base.lproj/LaunchScreen.storyboard; sourceTree = "<group>"; };
		6A6DB93521AA7750008D8FF4 /* Info.plist */ = {isa = PBXFileReference; lastKnownFileType = text.plist.xml; path = Info.plist; sourceTree = "<group>"; };
		6A6DB93C21AA78CA008D8FF4 /* KakaoOpenSDK.framework */ = {isa = PBXFileReference; lastKnownFileType = wrapper.framework; name = KakaoOpenSDK.framework; path = KakaoTalk_LogIn/Framework/KakaoOpenSDK.framework; sourceTree = "<group>"; };
		6A6DB93E21AA7B43008D8FF4 /* KakaoTalk_LogIn-Bridging-Header.h */ = {isa = PBXFileReference; lastKnownFileType = sourcecode.c.h; path = "KakaoTalk_LogIn-Bridging-Header.h"; sourceTree = "<group>"; };
		6A6DB94221AA806C008D8FF4 /* MainViewController.swift */ = {isa = PBXFileReference; lastKnownFileType = sourcecode.swift; path = MainViewController.swift; sourceTree = "<group>"; };
/* End PBXFileReference section */

/* Begin PBXFrameworksBuildPhase section */
		6A6DB92321AA774D008D8FF4 /* Frameworks */ = {
			isa = PBXFrameworksBuildPhase;
			buildActionMask = 2147483647;
			files = (
				6A6DB93D21AA78CA008D8FF4 /* KakaoOpenSDK.framework in Frameworks */,
			);
			runOnlyForDeploymentPostprocessing = 0;
		};
/* End PBXFrameworksBuildPhase section */

/* Begin PBXGroup section */
		6A6DB91D21AA774D008D8FF4 = {
			isa = PBXGroup;
			children = (
				6A6DB92821AA774D008D8FF4 /* KakaoTalk_LogIn */,
				6A6DB92721AA774D008D8FF4 /* Products */,
				6A6DB93B21AA78CA008D8FF4 /* Frameworks */,
			);
			sourceTree = "<group>";
		};
		6A6DB92721AA774D008D8FF4 /* Products */ = {
			isa = PBXGroup;
			children = (
				6A6DB92621AA774D008D8FF4 /* KakaoTalk_LogIn.app */,
			);
			name = Products;
			sourceTree = "<group>";
		};
		6A6DB92821AA774D008D8FF4 /* KakaoTalk_LogIn */ = {
			isa = PBXGroup;
			children = (
				6A6DB92921AA774D008D8FF4 /* AppDelegate.swift */,
				6A6DB94121AA8057008D8FF4 /* ViewController */,
				6A6DB92D21AA774D008D8FF4 /* Main.storyboard */,
				6A6DB93021AA7750008D8FF4 /* Assets.xcassets */,
				6A6DB93221AA7750008D8FF4 /* LaunchScreen.storyboard */,
				6A6DB93521AA7750008D8FF4 /* Info.plist */,
				6A6DB93E21AA7B43008D8FF4 /* KakaoTalk_LogIn-Bridging-Header.h */,
			);
			path = KakaoTalk_LogIn;
			sourceTree = "<group>";
		};
		6A6DB93B21AA78CA008D8FF4 /* Frameworks */ = {
			isa = PBXGroup;
			children = (
				6A6DB93C21AA78CA008D8FF4 /* KakaoOpenSDK.framework */,
			);
			name = Frameworks;
			sourceTree = "<group>";
		};
		6A6DB94121AA8057008D8FF4 /* ViewController */ = {
			isa = PBXGroup;
			children = (
				6A6DB94221AA806C008D8FF4 /* MainViewController.swift */,
				6A6DB92B21AA774D008D8FF4 /* LoginViewController.swift */,
			);
			path = ViewController;
			sourceTree = "<group>";
		};
/* End PBXGroup section */

/* Begin PBXNativeTarget section */
		6A6DB92521AA774D008D8FF4 /* KakaoTalk_LogIn */ = {
			isa = PBXNativeTarget;
			buildConfigurationList = 6A6DB93821AA7750008D8FF4 /* Build configuration list for PBXNativeTarget "KakaoTalk_LogIn" */;
			buildPhases = (
				6A6DB92221AA774D008D8FF4 /* Sources */,
				6A6DB92321AA774D008D8FF4 /* Frameworks */,
				6A6DB92421AA774D008D8FF4 /* Resources */,
			);
			buildRules = (
			);
			dependencies = (
			);
			name = KakaoTalk_LogIn;
			productName = KakaoTalk_LogIn;
			productReference = 6A6DB92621AA774D008D8FF4 /* KakaoTalk_LogIn.app */;
			productType = "com.apple.product-type.application";
		};
/* End PBXNativeTarget section */

/* Begin PBXProject section */
		6A6DB91E21AA774D008D8FF4 /* Project object */ = {
			isa = PBXProject;
			attributes = {
				LastSwiftUpdateCheck = 1010;
				LastUpgradeCheck = 1010;
				ORGANIZATIONNAME = "Isaac Kim";
				TargetAttributes = {
					6A6DB92521AA774D008D8FF4 = {
						CreatedOnToolsVersion = 10.1;
						LastSwiftMigration = 1010;
					};
				};
			};
			buildConfigurationList = 6A6DB92121AA774D008D8FF4 /* Build configuration list for PBXProject "KakaoTalk_LogIn" */;
			compatibilityVersion = "Xcode 9.3";
			developmentRegion = en;
			hasScannedForEncodings = 0;
			knownRegions = (
				en,
				Base,
			);
			mainGroup = 6A6DB91D21AA774D008D8FF4;
			productRefGroup = 6A6DB92721AA774D008D8FF4 /* Products */;
			projectDirPath = "";
			projectRoot = "";
			targets = (
				6A6DB92521AA774D008D8FF4 /* KakaoTalk_LogIn */,
			);
		};
/* End PBXProject section */

/* Begin PBXResourcesBuildPhase section */
		6A6DB92421AA774D008D8FF4 /* Resources */ = {
			isa = PBXResourcesBuildPhase;
			buildActionMask = 2147483647;
			files = (
				6A6DB93421AA7750008D8FF4 /* LaunchScreen.storyboard in Resources */,
				6A6DB93121AA7750008D8FF4 /* Assets.xcassets in Resources */,
				6A6DB92F21AA774D008D8FF4 /* Main.storyboard in Resources */,
			);
			runOnlyForDeploymentPostprocessing = 0;
		};
/* End PBXResourcesBuildPhase section */

/* Begin PBXSourcesBuildPhase section */
		6A6DB92221AA774D008D8FF4 /* Sources */ = {
			isa = PBXSourcesBuildPhase;
			buildActionMask = 2147483647;
			files = (
				6A6DB94321AA806C008D8FF4 /* MainViewController.swift in Sources */,
				6A6DB92C21AA774D008D8FF4 /* LoginViewController.swift in Sources */,
				6A6DB92A21AA774D008D8FF4 /* AppDelegate.swift in Sources */,
			);
			runOnlyForDeploymentPostprocessing = 0;
		};
/* End PBXSourcesBuildPhase section */

/* Begin PBXVariantGroup section */
		6A6DB92D21AA774D008D8FF4 /* Main.storyboard */ = {
			isa = PBXVariantGroup;
			children = (
				6A6DB92E21AA774D008D8FF4 /* Base */,
			);
			name = Main.storyboard;
			sourceTree = "<group>";
		};
		6A6DB93221AA7750008D8FF4 /* LaunchScreen.storyboard */ = {
			isa = PBXVariantGroup;
			children = (
				6A6DB93321AA7750008D8FF4 /* Base */,
			);
			name = LaunchScreen.storyboard;
			sourceTree = "<group>";
		};
/* End PBXVariantGroup section */

/* Begin XCBuildConfiguration section */
		6A6DB93621AA7750008D8FF4 /* Debug */ = {
			isa = XCBuildConfiguration;
			buildSettings = {
				ALWAYS_SEARCH_USER_PATHS = NO;
				CLANG_ANALYZER_NONNULL = YES;
				CLANG_ANALYZER_NUMBER_OBJECT_CONVERSION = YES_AGGRESSIVE;
				CLANG_CXX_LANGUAGE_STANDARD = "gnu++14";
				CLANG_CXX_LIBRARY = "libc++";
				CLANG_ENABLE_MODULES = YES;
				CLANG_ENABLE_OBJC_ARC = YES;
				CLANG_ENABLE_OBJC_WEAK = YES;
				CLANG_WARN_BLOCK_CAPTURE_AUTORELEASING = YES;
				CLANG_WARN_BOOL_CONVERSION = YES;
				CLANG_WARN_COMMA = YES;
				CLANG_WARN_CONSTANT_CONVERSION = YES;
				CLANG_WARN_DEPRECATED_OBJC_IMPLEMENTATIONS = YES;
				CLANG_WARN_DIRECT_OBJC_ISA_USAGE = YES_ERROR;
				CLANG_WARN_DOCUMENTATION_COMMENTS = YES;
				CLANG_WARN_EMPTY_BODY = YES;
				CLANG_WARN_ENUM_CONVERSION = YES;
				CLANG_WARN_INFINITE_RECURSION = YES;
				CLANG_WARN_INT_CONVERSION = YES;
				CLANG_WARN_NON_LITERAL_NULL_CONVERSION = YES;
				CLANG_WARN_OBJC_IMPLICIT_RETAIN_SELF = YES;
				CLANG_WARN_OBJC_LITERAL_CONVERSION = YES;
				CLANG_WARN_OBJC_ROOT_CLASS = YES_ERROR;
				CLANG_WARN_RANGE_LOOP_ANALYSIS = YES;
				CLANG_WARN_STRICT_PROTOTYPES = YES;
				CLANG_WARN_SUSPICIOUS_MOVE = YES;
				CLANG_WARN_UNGUARDED_AVAILABILITY = YES_AGGRESSIVE;
				CLANG_WARN_UNREACHABLE_CODE = YES;
				CLANG_WARN__DUPLICATE_METHOD_MATCH = YES;
				CODE_SIGN_IDENTITY = "iPhone Developer";
				COPY_PHASE_STRIP = NO;
				DEBUG_INFORMATION_FORMAT = dwarf;
				ENABLE_STRICT_OBJC_MSGSEND = YES;
				ENABLE_TESTABILITY = YES;
				GCC_C_LANGUAGE_STANDARD = gnu11;
				GCC_DYNAMIC_NO_PIC = NO;
				GCC_NO_COMMON_BLOCKS = YES;
				GCC_OPTIMIZATION_LEVEL = 0;
				GCC_PREPROCESSOR_DEFINITIONS = (
					"DEBUG=1",
					"$(inherited)",
				);
				GCC_WARN_64_TO_32_BIT_CONVERSION = YES;
				GCC_WARN_ABOUT_RETURN_TYPE = YES_ERROR;
				GCC_WARN_UNDECLARED_SELECTOR = YES;
				GCC_WARN_UNINITIALIZED_AUTOS = YES_AGGRESSIVE;
				GCC_WARN_UNUSED_FUNCTION = YES;
				GCC_WARN_UNUSED_VARIABLE = YES;
				IPHONEOS_DEPLOYMENT_TARGET = 12.1;
				MTL_ENABLE_DEBUG_INFO = INCLUDE_SOURCE;
				MTL_FAST_MATH = YES;
				ONLY_ACTIVE_ARCH = YES;
				SDKROOT = iphoneos;
				SWIFT_ACTIVE_COMPILATION_CONDITIONS = DEBUG;
				SWIFT_OPTIMIZATION_LEVEL = "-Onone";
			};
			name = Debug;
		};
		6A6DB93721AA7750008D8FF4 /* Release */ = {
			isa = XCBuildConfiguration;
			buildSettings = {
				ALWAYS_SEARCH_USER_PATHS = NO;
				CLANG_ANALYZER_NONNULL = YES;
				CLANG_ANALYZER_NUMBER_OBJECT_CONVERSION = YES_AGGRESSIVE;
				CLANG_CXX_LANGUAGE_STANDARD = "gnu++14";
				CLANG_CXX_LIBRARY = "libc++";
				CLANG_ENABLE_MODULES = YES;
				CLANG_ENABLE_OBJC_ARC = YES;
				CLANG_ENABLE_OBJC_WEAK = YES;
				CLANG_WARN_BLOCK_CAPTURE_AUTORELEASING = YES;
				CLANG_WARN_BOOL_CONVERSION = YES;
				CLANG_WARN_COMMA = YES;
				CLANG_WARN_CONSTANT_CONVERSION = YES;
				CLANG_WARN_DEPRECATED_OBJC_IMPLEMENTATIONS = YES;
				CLANG_WARN_DIRECT_OBJC_ISA_USAGE = YES_ERROR;
				CLANG_WARN_DOCUMENTATION_COMMENTS = YES;
				CLANG_WARN_EMPTY_BODY = YES;
				CLANG_WARN_ENUM_CONVERSION = YES;
				CLANG_WARN_INFINITE_RECURSION = YES;
				CLANG_WARN_INT_CONVERSION = YES;
				CLANG_WARN_NON_LITERAL_NULL_CONVERSION = YES;
				CLANG_WARN_OBJC_IMPLICIT_RETAIN_SELF = YES;
				CLANG_WARN_OBJC_LITERAL_CONVERSION = YES;
				CLANG_WARN_OBJC_ROOT_CLASS = YES_ERROR;
				CLANG_WARN_RANGE_LOOP_ANALYSIS = YES;
				CLANG_WARN_STRICT_PROTOTYPES = YES;
				CLANG_WARN_SUSPICIOUS_MOVE = YES;
				CLANG_WARN_UNGUARDED_AVAILABILITY = YES_AGGRESSIVE;
				CLANG_WARN_UNREACHABLE_CODE = YES;
				CLANG_WARN__DUPLICATE_METHOD_MATCH = YES;
				CODE_SIGN_IDENTITY = "iPhone Developer";
				COPY_PHASE_STRIP = NO;
				DEBUG_INFORMATION_FORMAT = "dwarf-with-dsym";
				ENABLE_NS_ASSERTIONS = NO;
				ENABLE_STRICT_OBJC_MSGSEND = YES;
				GCC_C_LANGUAGE_STANDARD = gnu11;
				GCC_NO_COMMON_BLOCKS = YES;
				GCC_WARN_64_TO_32_BIT_CONVERSION = YES;
				GCC_WARN_ABOUT_RETURN_TYPE = YES_ERROR;
				GCC_WARN_UNDECLARED_SELECTOR = YES;
				GCC_WARN_UNINITIALIZED_AUTOS = YES_AGGRESSIVE;
				GCC_WARN_UNUSED_FUNCTION = YES;
				GCC_WARN_UNUSED_VARIABLE = YES;
				IPHONEOS_DEPLOYMENT_TARGET = 12.1;
				MTL_ENABLE_DEBUG_INFO = NO;
				MTL_FAST_MATH = YES;
				SDKROOT = iphoneos;
				SWIFT_COMPILATION_MODE = wholemodule;
				SWIFT_OPTIMIZATION_LEVEL = "-O";
				VALIDATE_PRODUCT = YES;
			};
			name = Release;
		};
		6A6DB93921AA7750008D8FF4 /* Debug */ = {
			isa = XCBuildConfiguration;
			buildSettings = {
				ASSETCATALOG_COMPILER_APPICON_NAME = AppIcon;
				CLANG_ENABLE_MODULES = YES;
				CODE_SIGN_STYLE = Automatic;
				DEVELOPMENT_TEAM = G4MM77V7NH;
				FRAMEWORK_SEARCH_PATHS = (
					"$(inherited)",
					"$(PROJECT_DIR)/KakaoTalk_LogIn/Framework",
				);
				INFOPLIST_FILE = KakaoTalk_LogIn/Info.plist;
				LD_RUNPATH_SEARCH_PATHS = (
					"$(inherited)",
					"@executable_path/Frameworks",
				);
				OTHER_LDFLAGS = "-all_load";
				PRODUCT_BUNDLE_IDENTIFIER = io.mkAppWorld.kakaoLogin;
				PRODUCT_NAME = "$(TARGET_NAME)";
				SWIFT_OBJC_BRIDGING_HEADER = "KakaoTalk_LogIn/KakaoTalk_LogIn-Bridging-Header.h";
				SWIFT_OPTIMIZATION_LEVEL = "-Onone";
				SWIFT_VERSION = 4.2;
				TARGETED_DEVICE_FAMILY = "1,2";
			};
			name = Debug;
		};
		6A6DB93A21AA7750008D8FF4 /* Release */ = {
			isa = XCBuildConfiguration;
			buildSettings = {
				ASSETCATALOG_COMPILER_APPICON_NAME = AppIcon;
				CLANG_ENABLE_MODULES = YES;
				CODE_SIGN_STYLE = Automatic;
				DEVELOPMENT_TEAM = G4MM77V7NH;
				FRAMEWORK_SEARCH_PATHS = (
					"$(inherited)",
					"$(PROJECT_DIR)/KakaoTalk_LogIn/Framework",
				);
				INFOPLIST_FILE = KakaoTalk_LogIn/Info.plist;
				LD_RUNPATH_SEARCH_PATHS = (
					"$(inherited)",
					"@executable_path/Frameworks",
				);
				OTHER_LDFLAGS = "-all_load";
				PRODUCT_BUNDLE_IDENTIFIER = io.mkAppWorld.kakaoLogin;
				PRODUCT_NAME = "$(TARGET_NAME)";
				SWIFT_OBJC_BRIDGING_HEADER = "KakaoTalk_LogIn/KakaoTalk_LogIn-Bridging-Header.h";
				SWIFT_VERSION = 4.2;
				TARGETED_DEVICE_FAMILY = "1,2";
			};
			name = Release;
		};
/* End XCBuildConfiguration section */

/* Begin XCConfigurationList section */
		6A6DB92121AA774D008D8FF4 /* Build configuration list for PBXProject "KakaoTalk_LogIn" */ = {
			isa = XCConfigurationList;
			buildConfigurations = (
				6A6DB93621AA7750008D8FF4 /* Debug */,
				6A6DB93721AA7750008D8FF4 /* Release */,
			);
			defaultConfigurationIsVisible = 0;
			defaultConfigurationName = Release;
		};
		6A6DB93821AA7750008D8FF4 /* Build configuration list for PBXNativeTarget "KakaoTalk_LogIn" */ = {
			isa = XCConfigurationList;
			buildConfigurations = (
				6A6DB93921AA7750008D8FF4 /* Debug */,
				6A6DB93A21AA7750008D8FF4 /* Release */,
			);
			defaultConfigurationIsVisible = 0;
			defaultConfigurationName = Release;
		};
/* End XCConfigurationList section */
	};
	rootObject = 6A6DB91E21AA774D008D8FF4 /* Project object */;
}
