// !$*UTF8*$!
{
	archiveVersion = 1;
	classes = {
	};
	objectVersion = 50;
	objects = {

/* Begin PBXBuildFile section */
		6A5C8A3821958A2E00A7EEE0 /* DataModel.swift in Sources */ = {isa = PBXBuildFile; fileRef = 6A5C8A3721958A2E00A7EEE0 /* DataModel.swift */; };
		6AA07F1521951DDE00D3501A /* AppDelegate.swift in Sources */ = {isa = PBXBuildFile; fileRef = 6AA07F1421951DDE00D3501A /* AppDelegate.swift */; };
		6AA07F1721951DDE00D3501A /* ViewController.swift in Sources */ = {isa = PBXBuildFile; fileRef = 6AA07F1621951DDE00D3501A /* ViewController.swift */; };
		6AA07F1A21951DDE00D3501A /* Main.storyboard in Resources */ = {isa = PBXBuildFile; fileRef = 6AA07F1821951DDE00D3501A /* Main.storyboard */; };
		6AA07F1C21951DE000D3501A /* Assets.xcassets in Resources */ = {isa = PBXBuildFile; fileRef = 6AA07F1B21951DE000D3501A /* Assets.xcassets */; };
		6AA07F1F21951DE000D3501A /* LaunchScreen.storyboard in Resources */ = {isa = PBXBuildFile; fileRef = 6AA07F1D21951DE000D3501A /* LaunchScreen.storyboard */; };
		6AA07F2721951E7200D3501A /* SecondViewController.swift in Sources */ = {isa = PBXBuildFile; fileRef = 6AA07F2621951E7200D3501A /* SecondViewController.swift */; };
/* End PBXBuildFile section */

/* Begin PBXFileReference section */
		6A5C8A3721958A2E00A7EEE0 /* DataModel.swift */ = {isa = PBXFileReference; lastKnownFileType = sourcecode.swift; path = DataModel.swift; sourceTree = "<group>"; };
		6AA07F1121951DDE00D3501A /* UserDefaultStudy.app */ = {isa = PBXFileReference; explicitFileType = wrapper.application; includeInIndex = 0; path = UserDefaultStudy.app; sourceTree = BUILT_PRODUCTS_DIR; };
		6AA07F1421951DDE00D3501A /* AppDelegate.swift */ = {isa = PBXFileReference; lastKnownFileType = sourcecode.swift; path = AppDelegate.swift; sourceTree = "<group>"; };
		6AA07F1621951DDE00D3501A /* ViewController.swift */ = {isa = PBXFileReference; lastKnownFileType = sourcecode.swift; path = ViewController.swift; sourceTree = "<group>"; };
		6AA07F1921951DDE00D3501A /* Base */ = {isa = PBXFileReference; lastKnownFileType = file.storyboard; name = Base; path = Base.lproj/Main.storyboard; sourceTree = "<group>"; };
		6AA07F1B21951DE000D3501A /* Assets.xcassets */ = {isa = PBXFileReference; lastKnownFileType = folder.assetcatalog; path = Assets.xcassets; sourceTree = "<group>"; };
		6AA07F1E21951DE000D3501A /* Base */ = {isa = PBXFileReference; lastKnownFileType = file.storyboard; name = Base; path = Base.lproj/LaunchScreen.storyboard; sourceTree = "<group>"; };
		6AA07F2021951DE000D3501A /* Info.plist */ = {isa = PBXFileReference; lastKnownFileType = text.plist.xml; path = Info.plist; sourceTree = "<group>"; };
		6AA07F2621951E7200D3501A /* SecondViewController.swift */ = {isa = PBXFileReference; lastKnownFileType = sourcecode.swift; path = SecondViewController.swift; sourceTree = "<group>"; };
/* End PBXFileReference section */

/* Begin PBXFrameworksBuildPhase section */
		6AA07F0E21951DDE00D3501A /* Frameworks */ = {
			isa = PBXFrameworksBuildPhase;
			buildActionMask = 2147483647;
			files = (
			);
			runOnlyForDeploymentPostprocessing = 0;
		};
/* End PBXFrameworksBuildPhase section */

/* Begin PBXGroup section */
		6AA07F0821951DDE00D3501A = {
			isa = PBXGroup;
			children = (
				6AA07F1321951DDE00D3501A /* UserDefaultStudy */,
				6AA07F1221951DDE00D3501A /* Products */,
			);
			sourceTree = "<group>";
		};
		6AA07F1221951DDE00D3501A /* Products */ = {
			isa = PBXGroup;
			children = (
				6AA07F1121951DDE00D3501A /* UserDefaultStudy.app */,
			);
			name = Products;
			sourceTree = "<group>";
		};
		6AA07F1321951DDE00D3501A /* UserDefaultStudy */ = {
			isa = PBXGroup;
			children = (
				6AA07F1421951DDE00D3501A /* AppDelegate.swift */,
				6AA07F2B2195809500D3501A /* Model */,
				6AA07F2C219580A500D3501A /* Views */,
				6AA07F2A2195807200D3501A /* Controller */,
				6AA07F1B21951DE000D3501A /* Assets.xcassets */,
				6AA07F1D21951DE000D3501A /* LaunchScreen.storyboard */,
				6AA07F2021951DE000D3501A /* Info.plist */,
			);
			path = UserDefaultStudy;
			sourceTree = "<group>";
		};
		6AA07F2A2195807200D3501A /* Controller */ = {
			isa = PBXGroup;
			children = (
				6AA07F1621951DDE00D3501A /* ViewController.swift */,
				6AA07F2621951E7200D3501A /* SecondViewController.swift */,
			);
			path = Controller;
			sourceTree = "<group>";
		};
		6AA07F2B2195809500D3501A /* Model */ = {
			isa = PBXGroup;
			children = (
				6A5C8A3721958A2E00A7EEE0 /* DataModel.swift */,
			);
			path = Model;
			sourceTree = "<group>";
		};
		6AA07F2C219580A500D3501A /* Views */ = {
			isa = PBXGroup;
			children = (
				6AA07F1821951DDE00D3501A /* Main.storyboard */,
			);
			path = Views;
			sourceTree = "<group>";
		};
/* End PBXGroup section */

/* Begin PBXNativeTarget section */
		6AA07F1021951DDE00D3501A /* UserDefaultStudy */ = {
			isa = PBXNativeTarget;
			buildConfigurationList = 6AA07F2321951DE000D3501A /* Build configuration list for PBXNativeTarget "UserDefaultStudy" */;
			buildPhases = (
				6AA07F0D21951DDE00D3501A /* Sources */,
				6AA07F0E21951DDE00D3501A /* Frameworks */,
				6AA07F0F21951DDE00D3501A /* Resources */,
			);
			buildRules = (
			);
			dependencies = (
			);
			name = UserDefaultStudy;
			productName = UserDefaultStudy;
			productReference = 6AA07F1121951DDE00D3501A /* UserDefaultStudy.app */;
			productType = "com.apple.product-type.application";
		};
/* End PBXNativeTarget section */

/* Begin PBXProject section */
		6AA07F0921951DDE00D3501A /* Project object */ = {
			isa = PBXProject;
			attributes = {
				LastSwiftUpdateCheck = 1010;
				LastUpgradeCheck = 1010;
				ORGANIZATIONNAME = "Isaac Kim";
				TargetAttributes = {
					6AA07F1021951DDE00D3501A = {
						CreatedOnToolsVersion = 10.1;
					};
				};
			};
			buildConfigurationList = 6AA07F0C21951DDE00D3501A /* Build configuration list for PBXProject "UserDefaultStudy" */;
			compatibilityVersion = "Xcode 9.3";
			developmentRegion = en;
			hasScannedForEncodings = 0;
			knownRegions = (
				en,
				Base,
			);
			mainGroup = 6AA07F0821951DDE00D3501A;
			productRefGroup = 6AA07F1221951DDE00D3501A /* Products */;
			projectDirPath = "";
			projectRoot = "";
			targets = (
				6AA07F1021951DDE00D3501A /* UserDefaultStudy */,
			);
		};
/* End PBXProject section */

/* Begin PBXResourcesBuildPhase section */
		6AA07F0F21951DDE00D3501A /* Resources */ = {
			isa = PBXResourcesBuildPhase;
			buildActionMask = 2147483647;
			files = (
				6AA07F1F21951DE000D3501A /* LaunchScreen.storyboard in Resources */,
				6AA07F1C21951DE000D3501A /* Assets.xcassets in Resources */,
				6AA07F1A21951DDE00D3501A /* Main.storyboard in Resources */,
			);
			runOnlyForDeploymentPostprocessing = 0;
		};
/* End PBXResourcesBuildPhase section */

/* Begin PBXSourcesBuildPhase section */
		6AA07F0D21951DDE00D3501A /* Sources */ = {
			isa = PBXSourcesBuildPhase;
			buildActionMask = 2147483647;
			files = (
				6AA07F2721951E7200D3501A /* SecondViewController.swift in Sources */,
				6AA07F1721951DDE00D3501A /* ViewController.swift in Sources */,
				6AA07F1521951DDE00D3501A /* AppDelegate.swift in Sources */,
				6A5C8A3821958A2E00A7EEE0 /* DataModel.swift in Sources */,
			);
			runOnlyForDeploymentPostprocessing = 0;
		};
/* End PBXSourcesBuildPhase section */

/* Begin PBXVariantGroup section */
		6AA07F1821951DDE00D3501A /* Main.storyboard */ = {
			isa = PBXVariantGroup;
			children = (
				6AA07F1921951DDE00D3501A /* Base */,
			);
			name = Main.storyboard;
			sourceTree = "<group>";
		};
		6AA07F1D21951DE000D3501A /* LaunchScreen.storyboard */ = {
			isa = PBXVariantGroup;
			children = (
				6AA07F1E21951DE000D3501A /* Base */,
			);
			name = LaunchScreen.storyboard;
			sourceTree = "<group>";
		};
/* End PBXVariantGroup section */

/* Begin XCBuildConfiguration section */
		6AA07F2121951DE000D3501A /* Debug */ = {
			isa = XCBuildConfiguration;
			buildSettings = {
				ALWAYS_SEARCH_USER_PATHS = NO;
				CLANG_ANALYZER_NONNULL = YES;
				CLANG_ANALYZER_NUMBER_OBJECT_CONVERSION = YES_AGGRESSIVE;
				CLANG_CXX_LANGUAGE_STANDARD = "gnu++14";
				CLANG_CXX_LIBRARY = "libc++";
				CLANG_ENABLE_MODULES = YES;
				CLANG_ENABLE_OBJC_ARC = YES;
				CLANG_ENABLE_OBJC_WEAK = YES;
				CLANG_WARN_BLOCK_CAPTURE_AUTORELEASING = YES;
				CLANG_WARN_BOOL_CONVERSION = YES;
				CLANG_WARN_COMMA = YES;
				CLANG_WARN_CONSTANT_CONVERSION = YES;
				CLANG_WARN_DEPRECATED_OBJC_IMPLEMENTATIONS = YES;
				CLANG_WARN_DIRECT_OBJC_ISA_USAGE = YES_ERROR;
				CLANG_WARN_DOCUMENTATION_COMMENTS = YES;
				CLANG_WARN_EMPTY_BODY = YES;
				CLANG_WARN_ENUM_CONVERSION = YES;
				CLANG_WARN_INFINITE_RECURSION = YES;
				CLANG_WARN_INT_CONVERSION = YES;
				CLANG_WARN_NON_LITERAL_NULL_CONVERSION = YES;
				CLANG_WARN_OBJC_IMPLICIT_RETAIN_SELF = YES;
				CLANG_WARN_OBJC_LITERAL_CONVERSION = YES;
				CLANG_WARN_OBJC_ROOT_CLASS = YES_ERROR;
				CLANG_WARN_RANGE_LOOP_ANALYSIS = YES;
				CLANG_WARN_STRICT_PROTOTYPES = YES;
				CLANG_WARN_SUSPICIOUS_MOVE = YES;
				CLANG_WARN_UNGUARDED_AVAILABILITY = YES_AGGRESSIVE;
				CLANG_WARN_UNREACHABLE_CODE = YES;
				CLANG_WARN__DUPLICATE_METHOD_MATCH = YES;
				CODE_SIGN_IDENTITY = "iPhone Developer";
				COPY_PHASE_STRIP = NO;
				DEBUG_INFORMATION_FORMAT = dwarf;
				ENABLE_STRICT_OBJC_MSGSEND = YES;
				ENABLE_TESTABILITY = YES;
				GCC_C_LANGUAGE_STANDARD = gnu11;
				GCC_DYNAMIC_NO_PIC = NO;
				GCC_NO_COMMON_BLOCKS = YES;
				GCC_OPTIMIZATION_LEVEL = 0;
				GCC_PREPROCESSOR_DEFINITIONS = (
					"DEBUG=1",
					"$(inherited)",
				);
				GCC_WARN_64_TO_32_BIT_CONVERSION = YES;
				GCC_WARN_ABOUT_RETURN_TYPE = YES_ERROR;
				GCC_WARN_UNDECLARED_SELECTOR = YES;
				GCC_WARN_UNINITIALIZED_AUTOS = YES_AGGRESSIVE;
				GCC_WARN_UNUSED_FUNCTION = YES;
				GCC_WARN_UNUSED_VARIABLE = YES;
				IPHONEOS_DEPLOYMENT_TARGET = 12.1;
				MTL_ENABLE_DEBUG_INFO = INCLUDE_SOURCE;
				MTL_FAST_MATH = YES;
				ONLY_ACTIVE_ARCH = YES;
				SDKROOT = iphoneos;
				SWIFT_ACTIVE_COMPILATION_CONDITIONS = DEBUG;
				SWIFT_OPTIMIZATION_LEVEL = "-Onone";
			};
			name = Debug;
		};
		6AA07F2221951DE000D3501A /* Release */ = {
			isa = XCBuildConfiguration;
			buildSettings = {
				ALWAYS_SEARCH_USER_PATHS = NO;
				CLANG_ANALYZER_NONNULL = YES;
				CLANG_ANALYZER_NUMBER_OBJECT_CONVERSION = YES_AGGRESSIVE;
				CLANG_CXX_LANGUAGE_STANDARD = "gnu++14";
				CLANG_CXX_LIBRARY = "libc++";
				CLANG_ENABLE_MODULES = YES;
				CLANG_ENABLE_OBJC_ARC = YES;
				CLANG_ENABLE_OBJC_WEAK = YES;
				CLANG_WARN_BLOCK_CAPTURE_AUTORELEASING = YES;
				CLANG_WARN_BOOL_CONVERSION = YES;
				CLANG_WARN_COMMA = YES;
				CLANG_WARN_CONSTANT_CONVERSION = YES;
				CLANG_WARN_DEPRECATED_OBJC_IMPLEMENTATIONS = YES;
				CLANG_WARN_DIRECT_OBJC_ISA_USAGE = YES_ERROR;
				CLANG_WARN_DOCUMENTATION_COMMENTS = YES;
				CLANG_WARN_EMPTY_BODY = YES;
				CLANG_WARN_ENUM_CONVERSION = YES;
				CLANG_WARN_INFINITE_RECURSION = YES;
				CLANG_WARN_INT_CONVERSION = YES;
				CLANG_WARN_NON_LITERAL_NULL_CONVERSION = YES;
				CLANG_WARN_OBJC_IMPLICIT_RETAIN_SELF = YES;
				CLANG_WARN_OBJC_LITERAL_CONVERSION = YES;
				CLANG_WARN_OBJC_ROOT_CLASS = YES_ERROR;
				CLANG_WARN_RANGE_LOOP_ANALYSIS = YES;
				CLANG_WARN_STRICT_PROTOTYPES = YES;
				CLANG_WARN_SUSPICIOUS_MOVE = YES;
				CLANG_WARN_UNGUARDED_AVAILABILITY = YES_AGGRESSIVE;
				CLANG_WARN_UNREACHABLE_CODE = YES;
				CLANG_WARN__DUPLICATE_METHOD_MATCH = YES;
				CODE_SIGN_IDENTITY = "iPhone Developer";
				COPY_PHASE_STRIP = NO;
				DEBUG_INFORMATION_FORMAT = "dwarf-with-dsym";
				ENABLE_NS_ASSERTIONS = NO;
				ENABLE_STRICT_OBJC_MSGSEND = YES;
				GCC_C_LANGUAGE_STANDARD = gnu11;
				GCC_NO_COMMON_BLOCKS = YES;
				GCC_WARN_64_TO_32_BIT_CONVERSION = YES;
				GCC_WARN_ABOUT_RETURN_TYPE = YES_ERROR;
				GCC_WARN_UNDECLARED_SELECTOR = YES;
				GCC_WARN_UNINITIALIZED_AUTOS = YES_AGGRESSIVE;
				GCC_WARN_UNUSED_FUNCTION = YES;
				GCC_WARN_UNUSED_VARIABLE = YES;
				IPHONEOS_DEPLOYMENT_TARGET = 12.1;
				MTL_ENABLE_DEBUG_INFO = NO;
				MTL_FAST_MATH = YES;
				SDKROOT = iphoneos;
				SWIFT_COMPILATION_MODE = wholemodule;
				SWIFT_OPTIMIZATION_LEVEL = "-O";
				VALIDATE_PRODUCT = YES;
			};
			name = Release;
		};
		6AA07F2421951DE000D3501A /* Debug */ = {
			isa = XCBuildConfiguration;
			buildSettings = {
				ASSETCATALOG_COMPILER_APPICON_NAME = AppIcon;
				CODE_SIGN_STYLE = Automatic;
				DEVELOPMENT_TEAM = G4MM77V7NH;
				INFOPLIST_FILE = UserDefaultStudy/Info.plist;
				LD_RUNPATH_SEARCH_PATHS = (
					"$(inherited)",
					"@executable_path/Frameworks",
				);
				PRODUCT_BUNDLE_IDENTIFIER = FastCampus.UserDefaultStudy;
				PRODUCT_NAME = "$(TARGET_NAME)";
				SWIFT_VERSION = 4.2;
				TARGETED_DEVICE_FAMILY = "1,2";
			};
			name = Debug;
		};
		6AA07F2521951DE000D3501A /* Release */ = {
			isa = XCBuildConfiguration;
			buildSettings = {
				ASSETCATALOG_COMPILER_APPICON_NAME = AppIcon;
				CODE_SIGN_STYLE = Automatic;
				DEVELOPMENT_TEAM = G4MM77V7NH;
				INFOPLIST_FILE = UserDefaultStudy/Info.plist;
				LD_RUNPATH_SEARCH_PATHS = (
					"$(inherited)",
					"@executable_path/Frameworks",
				);
				PRODUCT_BUNDLE_IDENTIFIER = FastCampus.UserDefaultStudy;
				PRODUCT_NAME = "$(TARGET_NAME)";
				SWIFT_VERSION = 4.2;
				TARGETED_DEVICE_FAMILY = "1,2";
			};
			name = Release;
		};
/* End XCBuildConfiguration section */

/* Begin XCConfigurationList section */
		6AA07F0C21951DDE00D3501A /* Build configuration list for PBXProject "UserDefaultStudy" */ = {
			isa = XCConfigurationList;
			buildConfigurations = (
				6AA07F2121951DE000D3501A /* Debug */,
				6AA07F2221951DE000D3501A /* Release */,
			);
			defaultConfigurationIsVisible = 0;
			defaultConfigurationName = Release;
		};
		6AA07F2321951DE000D3501A /* Build configuration list for PBXNativeTarget "UserDefaultStudy" */ = {
			isa = XCConfigurationList;
			buildConfigurations = (
				6AA07F2421951DE000D3501A /* Debug */,
				6AA07F2521951DE000D3501A /* Release */,
			);
			defaultConfigurationIsVisible = 0;
			defaultConfigurationName = Release;
		};
/* End XCConfigurationList section */
	};
	rootObject = 6AA07F0921951DDE00D3501A /* Project object */;
}
